
Microsoft Visual Studio Solution File, Format Version 12.00
# Visual Studio Version 17
VisualStudioVersion = 17.0.32014.148
MinimumVisualStudioVersion = 10.0.40219.1
Project("{FAE04EC0-301F-11D3-BF4B-00C04F79EFBC}") = "MTBZone", "MTBZone\MTBZone.csproj", "{93EB29D9-927C-404A-8746-896D490CFC8E}"
EndProject
Global
	GlobalSection(SolutionConfigurationPlatforms) = preSolution
		Debug|Any CPU = Debug|Any CPU
		Release|Any CPU = Release|Any CPU
	EndGlobalSection
	GlobalSection(ProjectConfigurationPlatforms) = postSolution
		{93EB29D9-927C-404A-8746-896D490CFC8E}.Debug|Any CPU.ActiveCfg = Debug|Any CPU
		{93EB29D9-927C-404A-8746-896D490CFC8E}.Debug|Any CPU.Build.0 = Debug|Any CPU
		{93EB29D9-927C-404A-8746-896D490CFC8E}.Release|Any CPU.ActiveCfg = Release|Any CPU
		{93EB29D9-927C-404A-8746-896D490CFC8E}.Release|Any CPU.Build.0 = Release|Any CPU
	EndGlobalSection
	GlobalSection(SolutionProperties) = preSolution
		HideSolutionNode = FALSE
	EndGlobalSection
	GlobalSection(ExtensibilityGlobals) = postSolution
		SolutionGuid = {16663184-AC3C-43C4-BB4F-8E983FBB58A5}
	EndGlobalSection
EndGlobal
